dependencies:
  espressif/esp_jpeg:
    component_hash: defb83669293cbf86d0fa86b475ba5517aceed04ed70db435388c151ab37b5d7
    dependencies:
    - name: idf
      require: private
      version: '>=5.0'
    source:
      registry_url: https://components.espressif.com/
      type: service
    version: 1.3.1
  idf:
    source:
      type: idf
    version: 6.0.0
direct_dependencies:
- espressif/esp_jpeg
manifest_hash: 3f529c992592b037910e07f2e8b7d18c7c5297556e3ec3b4f9fa89e0bb971c1c
target: esp32s3
version: 2.0.0
